# @generated - this file is auto-generated by `mise lock` https://mise.en.dev/dev-tools/mise-lock.html

[[tools.go]]
version = "1.26.3"
backend = "core:go"

[tools.go."platforms.linux-arm64"]
checksum = "sha256:9d89a3ea57d141c2b22d70083f2c8459ba3890f2d9e818e7e933b75614936565"
url = "https://dl.google.com/go/go1.26.3.linux-arm64.tar.gz"

[tools.go."platforms.linux-arm64-musl"]
checksum = "sha256:9d89a3ea57d141c2b22d70083f2c8459ba3890f2d9e818e7e933b75614936565"
url = "https://dl.google.com/go/go1.26.3.linux-arm64.tar.gz"

[tools.go."platforms.linux-x64"]
checksum = "sha256:2b2cfc7148493da5e73981bffbf3353af381d5f93e789c82c79aff64962eb556"
url = "https://dl.google.com/go/go1.26.3.linux-amd64.tar.gz"

[tools.go."platforms.linux-x64-musl"]
checksum = "sha256:2b2cfc7148493da5e73981bffbf3353af381d5f93e789c82c79aff64962eb556"
url = "https://dl.google.com/go/go1.26.3.linux-amd64.tar.gz"

[tools.go."platforms.macos-arm64"]
checksum = "sha256:875cf54a15311eee2c99b9dd67c68c4a49351d489ab622bf2cfd28c8f2078d3c"
url = "https://dl.google.com/go/go1.26.3.darwin-arm64.tar.gz"

[tools.go."platforms.macos-x64"]
checksum = "sha256:278d580b32e299fe4a9c990fcf2d02acfe538c7e551a6ee18f9c7164573d2c63"
url = "https://dl.google.com/go/go1.26.3.darwin-amd64.tar.gz"

[tools.go."platforms.windows-x64"]
checksum = "sha256:20d2ceafb4ed41b96b879010927b28bc92a5be57a7c1801ce365a9ca51d3224a"
url = "https://dl.google.com/go/go1.26.3.windows-amd64.zip"

[[tools.gofumpt]]
version = "0.10.0"
backend = "aqua:mvdan/gofumpt"

[tools.gofumpt."platforms.linux-arm64"]
checksum = "sha256:5d239f93b1ed2dfe74d39b25112bb770a04f6581f986d4b4f5d380521e12ca61"
url = "https://github.com/mvdan/gofumpt/releases/download/v0.10.0/gofumpt_v0.10.0_linux_arm64"

[tools.gofumpt."platforms.linux-arm64-musl"]
checksum = "sha256:5d239f93b1ed2dfe74d39b25112bb770a04f6581f986d4b4f5d380521e12ca61"
url = "https://github.com/mvdan/gofumpt/releases/download/v0.10.0/gofumpt_v0.10.0_linux_arm64"

[tools.gofumpt."platforms.linux-x64"]
checksum = "sha256:48ee398ec72afdaca6accb70f5ed741349d5dcccb52c5bb4c4469d698980b186"
url = "https://github.com/mvdan/gofumpt/releases/download/v0.10.0/gofumpt_v0.10.0_linux_amd64"

[tools.gofumpt."platforms.linux-x64-musl"]
checksum = "sha256:48ee398ec72afdaca6accb70f5ed741349d5dcccb52c5bb4c4469d698980b186"
url = "https://github.com/mvdan/gofumpt/releases/download/v0.10.0/gofumpt_v0.10.0_linux_amd64"

[tools.gofumpt."platforms.macos-arm64"]
checksum = "sha256:ba4b348e729cba915d5c7dc515774e2f2c7cc5c5ad011de20d34be10e5a2f906"
url = "https://github.com/mvdan/gofumpt/releases/download/v0.10.0/gofumpt_v0.10.0_darwin_arm64"

[tools.gofumpt."platforms.macos-x64"]
checksum = "sha256:30e5b914a824c3b6bd0480e4f493517012167d380de74643879c50f4aa0c834e"
url = "https://github.com/mvdan/gofumpt/releases/download/v0.10.0/gofumpt_v0.10.0_darwin_amd64"

[tools.gofumpt."platforms.windows-x64"]
checksum = "sha256:20872b464435512b74678b1155b75bd75220de5737ad8c075b9151c846543697"
url = "https://github.com/mvdan/gofumpt/releases/download/v0.10.0/gofumpt_v0.10.0_windows_amd64.exe"

[[tools.golangci-lint]]
version = "2.9.0"
backend = "aqua:golangci/golangci-lint"

[tools.golangci-lint."platforms.linux-arm64"]
checksum = "sha256:94e80cdb51c73c20a313bd3afa1fb23137728813c19fd730248a1e8678fcc46d"
url = "https://github.com/golangci/golangci-lint/releases/download/v2.9.0/golangci-lint-2.9.0-linux-arm64.tar.gz"
provenance = "github-attestations"

[tools.golangci-lint."platforms.linux-arm64-musl"]
checksum = "sha256:94e80cdb51c73c20a313bd3afa1fb23137728813c19fd730248a1e8678fcc46d"
url = "https://github.com/golangci/golangci-lint/releases/download/v2.9.0/golangci-lint-2.9.0-linux-arm64.tar.gz"
provenance = "github-attestations"

[tools.golangci-lint."platforms.linux-x64"]
checksum = "sha256:493aaaca2eba6c8bcef847d92716bbd91bbac4b22cdbb0ab5b6a581b32946091"
url = "https://github.com/golangci/golangci-lint/releases/download/v2.9.0/golangci-lint-2.9.0-linux-amd64.tar.gz"
provenance = "github-attestations"

[tools.golangci-lint."platforms.linux-x64-musl"]
checksum = "sha256:493aaaca2eba6c8bcef847d92716bbd91bbac4b22cdbb0ab5b6a581b32946091"
url = "https://github.com/golangci/golangci-lint/releases/download/v2.9.0/golangci-lint-2.9.0-linux-amd64.tar.gz"
provenance = "github-attestations"

[tools.golangci-lint."platforms.macos-arm64"]
checksum = "sha256:a86eabba3507deddd21f2a01a1df2a0ee5bc5c8178d4165cdcaaad8597358760"
url = "https://github.com/golangci/golangci-lint/releases/download/v2.9.0/golangci-lint-2.9.0-darwin-arm64.tar.gz"
provenance = "github-attestations"

[tools.golangci-lint."platforms.macos-x64"]
checksum = "sha256:ba29a353be54a74c45946763983808dc8305eeeca73db1761b5ab112f87f8157"
url = "https://github.com/golangci/golangci-lint/releases/download/v2.9.0/golangci-lint-2.9.0-darwin-amd64.tar.gz"
provenance = "github-attestations"

[tools.golangci-lint."platforms.windows-x64"]
checksum = "sha256:130fca8fa959eb840267c5e231f030a948e0de1e768bf6a31785505d1061632c"
url = "https://github.com/golangci/golangci-lint/releases/download/v2.9.0/golangci-lint-2.9.0-windows-amd64.zip"
provenance = "github-attestations"

[[tools.goreleaser]]
version = "2.15.4"
backend = "aqua:goreleaser/goreleaser"

[tools.goreleaser."platforms.linux-arm64"]
checksum = "sha256:de01ca1497571e9b348413cd2e7f74be49b8d57696ae386f7eedd06176544a88"
url = "https://github.com/goreleaser/goreleaser/releases/download/v2.15.4/goreleaser_Linux_arm64.tar.gz"
provenance = "github-attestations"

[tools.goreleaser."platforms.linux-arm64-musl"]
checksum = "sha256:de01ca1497571e9b348413cd2e7f74be49b8d57696ae386f7eedd06176544a88"
url = "https://github.com/goreleaser/goreleaser/releases/download/v2.15.4/goreleaser_Linux_arm64.tar.gz"
provenance = "github-attestations"

[tools.goreleaser."platforms.linux-x64"]
checksum = "sha256:aae00c71a4a6d55e08cce9273a1516bdce33c1e07cffb7e502fa6fec4377dede"
url = "https://github.com/goreleaser/goreleaser/releases/download/v2.15.4/goreleaser_Linux_x86_64.tar.gz"
provenance = "github-attestations"

[tools.goreleaser."platforms.linux-x64-musl"]
checksum = "sha256:aae00c71a4a6d55e08cce9273a1516bdce33c1e07cffb7e502fa6fec4377dede"
url = "https://github.com/goreleaser/goreleaser/releases/download/v2.15.4/goreleaser_Linux_x86_64.tar.gz"
provenance = "github-attestations"

[tools.goreleaser."platforms.macos-arm64"]
checksum = "sha256:82d730f3366350c90d7e5df3cf9e8e425fd1c84bf7d7e3e564f92d97c5ea9ea4"
url = "https://github.com/goreleaser/goreleaser/releases/download/v2.15.4/goreleaser_Darwin_all.tar.gz"
provenance = "github-attestations"

[tools.goreleaser."platforms.macos-x64"]
checksum = "sha256:82d730f3366350c90d7e5df3cf9e8e425fd1c84bf7d7e3e564f92d97c5ea9ea4"
url = "https://github.com/goreleaser/goreleaser/releases/download/v2.15.4/goreleaser_Darwin_all.tar.gz"
provenance = "github-attestations"

[tools.goreleaser."platforms.windows-x64"]
checksum = "sha256:146695f49717dfd79d64d5d6f4b1d25e2b56d73e723bbf68a8dc13ce5cf69693"
url = "https://github.com/goreleaser/goreleaser/releases/download/v2.15.4/goreleaser_Windows_x86_64.zip"
provenance = "github-attestations"

[[tools.task]]
version = "3.50.0"
backend = "aqua:go-task/task"

[tools.task."platforms.linux-arm64"]
checksum = "sha256:ee67e7d999a4a70711bff1946c70bf76628012c91d9be55626ee90ba976897da"
url = "https://github.com/go-task/task/releases/download/v3.50.0/task_linux_arm64.tar.gz"

[tools.task."platforms.linux-arm64-musl"]
checksum = "sha256:ee67e7d999a4a70711bff1946c70bf76628012c91d9be55626ee90ba976897da"
url = "https://github.com/go-task/task/releases/download/v3.50.0/task_linux_arm64.tar.gz"

[tools.task."platforms.linux-x64"]
checksum = "sha256:d449ba85ab85a0769989d78f8b9872938e4ba9347f7f4f925f73d98272a0a655"
url = "https://github.com/go-task/task/releases/download/v3.50.0/task_linux_amd64.tar.gz"

[tools.task."platforms.linux-x64-musl"]
checksum = "sha256:d449ba85ab85a0769989d78f8b9872938e4ba9347f7f4f925f73d98272a0a655"
url = "https://github.com/go-task/task/releases/download/v3.50.0/task_linux_amd64.tar.gz"

[tools.task."platforms.macos-arm64"]
checksum = "sha256:838b7954f227b5e8f798ad83111195aed810cf4f98dfabef4aa77ea065dd74b0"
url = "https://github.com/go-task/task/releases/download/v3.50.0/task_darwin_arm64.tar.gz"

[tools.task."platforms.macos-x64"]
checksum = "sha256:da3ba003ec049fb8be1ff798132c951dcd08a60efbdc2d1e918bf2095cd4a39c"
url = "https://github.com/go-task/task/releases/download/v3.50.0/task_darwin_amd64.tar.gz"

[tools.task."platforms.windows-x64"]
checksum = "sha256:82c20fbd19ac62073b8ecf89e026fbd209f702a2922106e4ff2ed6934d193038"
url = "https://github.com/go-task/task/releases/download/v3.50.0/task_windows_amd64.zip"
